
Microsoft Visual Studio Solution File, Format Version 12.00
# Visual Studio Version 16
VisualStudioVersion = 16.0.28922.388
MinimumVisualStudioVersion = 10.0.40219.1
Project("{FAE04EC0-301F-11D3-BF4B-00C04F79EFBC}") = "ConnectionBuilder", "ConnectionBuilder\ConnectionBuilder.csproj", "{C42DA620-5C59-449B-A273-45432A1B619B}"
EndProject
Global
	GlobalSection(SolutionConfigurationPlatforms) = preSolution
		Debug|Any CPU = Debug|Any CPU
		Release|Any CPU = Release|Any CPU
	EndGlobalSection
	GlobalSection(ProjectConfigurationPlatforms) = postSolution
		{C42DA620-5C59-449B-A273-45432A1B619B}.Debug|Any CPU.ActiveCfg = Debug|Any CPU
		{C42DA620-5C59-449B-A273-45432A1B619B}.Debug|Any CPU.Build.0 = Debug|Any CPU
		{C42DA620-5C59-449B-A273-45432A1B619B}.Release|Any CPU.ActiveCfg = Release|Any CPU
		{C42DA620-5C59-449B-A273-45432A1B619B}.Release|Any CPU.Build.0 = Release|Any CPU
	EndGlobalSection
	GlobalSection(SolutionProperties) = preSolution
		HideSolutionNode = FALSE
	EndGlobalSection
	GlobalSection(ExtensibilityGlobals) = postSolution
		SolutionGuid = {95A1FF9F-DDBC-4E95-AA22-1AA4805E895D}
	EndGlobalSection
EndGlobal
