
Microsoft Visual Studio Solution File, Format Version 12.00
# Visual Studio Version 16
VisualStudioVersion = 16.0.28803.202
MinimumVisualStudioVersion = 10.0.40219.1
Project("{FAE04EC0-301F-11D3-BF4B-00C04F79EFBC}") = "DataTier.Net.Website", "DataTier.Net.Website.csproj", "{787A9240-13E2-47CE-AF8D-828F387E0C92}"
EndProject
Project("{2150E333-8FDC-42A3-9474-1A3956D46DE8}") = "Data", "Data", "{C366AEDE-BEDC-4D31-8B01-DC85E045B414}"
EndProject
Project("{FAE04EC0-301F-11D3-BF4B-00C04F79EFBC}") = "ApplicationLogicComponent", "..\DataTier.Net.Website.Datalib\DataTier.Net.Website.Datalib\ApplicationLogicComponent\ApplicationLogicComponent.csproj", "{DBCFCCF2-C6B3-402D-905F-0EBA77F8E9B3}"
EndProject
Project("{FAE04EC0-301F-11D3-BF4B-00C04F79EFBC}") = "DataAccessComponent", "..\DataTier.Net.Website.Datalib\DataTier.Net.Website.Datalib\DataAccessComponent\DataAccessComponent.csproj", "{94349907-F83F-4087-BF9A-6172008CFB10}"
EndProject
Project("{FAE04EC0-301F-11D3-BF4B-00C04F79EFBC}") = "DataGateway", "..\DataTier.Net.Website.Datalib\DataTier.Net.Website.Datalib\DataGateway\DataGateway.csproj", "{2A156C95-1B12-47FE-A2EA-CDF999D98817}"
EndProject
Project("{FAE04EC0-301F-11D3-BF4B-00C04F79EFBC}") = "ObjectLibrary", "..\DataTier.Net.Website.Datalib\DataTier.Net.Website.Datalib\ObjectLibrary\ObjectLibrary.csproj", "{19158508-F27F-4340-AAD4-10B4FBB54404}"
EndProject
Global
	GlobalSection(SolutionConfigurationPlatforms) = preSolution
		Debug|Any CPU = Debug|Any CPU
		Release|Any CPU = Release|Any CPU
	EndGlobalSection
	GlobalSection(ProjectConfigurationPlatforms) = postSolution
		{787A9240-13E2-47CE-AF8D-828F387E0C92}.Debug|Any CPU.ActiveCfg = Debug|Any CPU
		{787A9240-13E2-47CE-AF8D-828F387E0C92}.Debug|Any CPU.Build.0 = Debug|Any CPU
		{787A9240-13E2-47CE-AF8D-828F387E0C92}.Release|Any CPU.ActiveCfg = Release|Any CPU
		{787A9240-13E2-47CE-AF8D-828F387E0C92}.Release|Any CPU.Build.0 = Release|Any CPU
		{DBCFCCF2-C6B3-402D-905F-0EBA77F8E9B3}.Debug|Any CPU.ActiveCfg = Debug|Any CPU
		{DBCFCCF2-C6B3-402D-905F-0EBA77F8E9B3}.Debug|Any CPU.Build.0 = Debug|Any CPU
		{DBCFCCF2-C6B3-402D-905F-0EBA77F8E9B3}.Release|Any CPU.ActiveCfg = Release|Any CPU
		{DBCFCCF2-C6B3-402D-905F-0EBA77F8E9B3}.Release|Any CPU.Build.0 = Release|Any CPU
		{94349907-F83F-4087-BF9A-6172008CFB10}.Debug|Any CPU.ActiveCfg = Debug|Any CPU
		{94349907-F83F-4087-BF9A-6172008CFB10}.Debug|Any CPU.Build.0 = Debug|Any CPU
		{94349907-F83F-4087-BF9A-6172008CFB10}.Release|Any CPU.ActiveCfg = Release|Any CPU
		{94349907-F83F-4087-BF9A-6172008CFB10}.Release|Any CPU.Build.0 = Release|Any CPU
		{2A156C95-1B12-47FE-A2EA-CDF999D98817}.Debug|Any CPU.ActiveCfg = Debug|Any CPU
		{2A156C95-1B12-47FE-A2EA-CDF999D98817}.Debug|Any CPU.Build.0 = Debug|Any CPU
		{2A156C95-1B12-47FE-A2EA-CDF999D98817}.Release|Any CPU.ActiveCfg = Release|Any CPU
		{2A156C95-1B12-47FE-A2EA-CDF999D98817}.Release|Any CPU.Build.0 = Release|Any CPU
		{19158508-F27F-4340-AAD4-10B4FBB54404}.Debug|Any CPU.ActiveCfg = Debug|Any CPU
		{19158508-F27F-4340-AAD4-10B4FBB54404}.Debug|Any CPU.Build.0 = Debug|Any CPU
		{19158508-F27F-4340-AAD4-10B4FBB54404}.Release|Any CPU.ActiveCfg = Release|Any CPU
		{19158508-F27F-4340-AAD4-10B4FBB54404}.Release|Any CPU.Build.0 = Release|Any CPU
	EndGlobalSection
	GlobalSection(SolutionProperties) = preSolution
		HideSolutionNode = FALSE
	EndGlobalSection
	GlobalSection(NestedProjects) = preSolution
		{DBCFCCF2-C6B3-402D-905F-0EBA77F8E9B3} = {C366AEDE-BEDC-4D31-8B01-DC85E045B414}
		{94349907-F83F-4087-BF9A-6172008CFB10} = {C366AEDE-BEDC-4D31-8B01-DC85E045B414}
		{2A156C95-1B12-47FE-A2EA-CDF999D98817} = {C366AEDE-BEDC-4D31-8B01-DC85E045B414}
		{19158508-F27F-4340-AAD4-10B4FBB54404} = {C366AEDE-BEDC-4D31-8B01-DC85E045B414}
	EndGlobalSection
	GlobalSection(ExtensibilityGlobals) = postSolution
		SolutionGuid = {8C29EFFA-B62E-4DA3-80E7-271E257B4342}
	EndGlobalSection
EndGlobal
