
Microsoft Visual Studio Solution File, Format Version 12.00
# Visual Studio Version 16
VisualStudioVersion = 16.0.29230.61
MinimumVisualStudioVersion = 10.0.40219.1
Project("{FAE04EC0-301F-11D3-BF4B-00C04F79EFBC}") = "ApplicationLogicComponent", "ApplicationLogicComponent\ApplicationLogicComponent.csproj", "{AAB663DF-B88C-40FA-8136-7E85E63EF80C}"
EndProject
Project("{FAE04EC0-301F-11D3-BF4B-00C04F79EFBC}") = "DataAccessComponent", "DataAccessComponent\DataAccessComponent.csproj", "{02F80059-161F-40F2-A7AC-AA12A880B511}"
EndProject
Project("{FAE04EC0-301F-11D3-BF4B-00C04F79EFBC}") = "ObjectLibrary", "ObjectLibrary\ObjectLibrary.csproj", "{5A919BBD-EF63-467A-8ACE-DDB4EE7A8E5B}"
EndProject
Project("{FAE04EC0-301F-11D3-BF4B-00C04F79EFBC}") = "DataGateway", "DataGateway\DataGateway.csproj", "{A262AA0C-BDED-4D33-A6A9-6091D5B83F97}"
EndProject
Global
	GlobalSection(SolutionConfigurationPlatforms) = preSolution
		Debug|Any CPU = Debug|Any CPU
		Release|Any CPU = Release|Any CPU
	EndGlobalSection
	GlobalSection(ProjectConfigurationPlatforms) = postSolution
		{AAB663DF-B88C-40FA-8136-7E85E63EF80C}.Debug|Any CPU.ActiveCfg = Debug|Any CPU
		{AAB663DF-B88C-40FA-8136-7E85E63EF80C}.Debug|Any CPU.Build.0 = Debug|Any CPU
		{AAB663DF-B88C-40FA-8136-7E85E63EF80C}.Release|Any CPU.ActiveCfg = Release|Any CPU
		{AAB663DF-B88C-40FA-8136-7E85E63EF80C}.Release|Any CPU.Build.0 = Release|Any CPU
		{02F80059-161F-40F2-A7AC-AA12A880B511}.Debug|Any CPU.ActiveCfg = Debug|Any CPU
		{02F80059-161F-40F2-A7AC-AA12A880B511}.Debug|Any CPU.Build.0 = Debug|Any CPU
		{02F80059-161F-40F2-A7AC-AA12A880B511}.Release|Any CPU.ActiveCfg = Release|Any CPU
		{02F80059-161F-40F2-A7AC-AA12A880B511}.Release|Any CPU.Build.0 = Release|Any CPU
		{5A919BBD-EF63-467A-8ACE-DDB4EE7A8E5B}.Debug|Any CPU.ActiveCfg = Debug|Any CPU
		{5A919BBD-EF63-467A-8ACE-DDB4EE7A8E5B}.Debug|Any CPU.Build.0 = Debug|Any CPU
		{5A919BBD-EF63-467A-8ACE-DDB4EE7A8E5B}.Release|Any CPU.ActiveCfg = Release|Any CPU
		{5A919BBD-EF63-467A-8ACE-DDB4EE7A8E5B}.Release|Any CPU.Build.0 = Release|Any CPU
		{A262AA0C-BDED-4D33-A6A9-6091D5B83F97}.Debug|Any CPU.ActiveCfg = Debug|Any CPU
		{A262AA0C-BDED-4D33-A6A9-6091D5B83F97}.Debug|Any CPU.Build.0 = Debug|Any CPU
		{A262AA0C-BDED-4D33-A6A9-6091D5B83F97}.Release|Any CPU.ActiveCfg = Release|Any CPU
		{A262AA0C-BDED-4D33-A6A9-6091D5B83F97}.Release|Any CPU.Build.0 = Release|Any CPU
	EndGlobalSection
	GlobalSection(SolutionProperties) = preSolution
		HideSolutionNode = FALSE
	EndGlobalSection
	GlobalSection(ExtensibilityGlobals) = postSolution
		SolutionGuid = {4B2B97F6-BC86-47D0-8744-C13F028D7E44}
	EndGlobalSection
EndGlobal
