
Microsoft Visual Studio Solution File, Format Version 12.00
# Visual Studio Version 16
VisualStudioVersion = 16.0.29102.190
MinimumVisualStudioVersion = 10.0.40219.1
Project("{FAE04EC0-301F-11D3-BF4B-00C04F79EFBC}") = "DataTierNetTemplateInstaller", "DataTierNetTemplateInstaller.csproj", "{D698C5E4-0A0A-49AF-A888-582F827EDADA}"
EndProject
Global
	GlobalSection(SolutionConfigurationPlatforms) = preSolution
		Debug|Any CPU = Debug|Any CPU
		Release|Any CPU = Release|Any CPU
	EndGlobalSection
	GlobalSection(ProjectConfigurationPlatforms) = postSolution
		{D698C5E4-0A0A-49AF-A888-582F827EDADA}.Debug|Any CPU.ActiveCfg = Debug|Any CPU
		{D698C5E4-0A0A-49AF-A888-582F827EDADA}.Debug|Any CPU.Build.0 = Debug|Any CPU
		{D698C5E4-0A0A-49AF-A888-582F827EDADA}.Release|Any CPU.ActiveCfg = Release|Any CPU
		{D698C5E4-0A0A-49AF-A888-582F827EDADA}.Release|Any CPU.Build.0 = Release|Any CPU
	EndGlobalSection
	GlobalSection(SolutionProperties) = preSolution
		HideSolutionNode = FALSE
	EndGlobalSection
	GlobalSection(ExtensibilityGlobals) = postSolution
		SolutionGuid = {9EEA10A5-292F-4EF0-B5C3-465FC2F08A9B}
	EndGlobalSection
EndGlobal
