
Microsoft Visual Studio Solution File, Format Version 12.00
# Visual Studio Version 16
VisualStudioVersion = 16.0.28922.388
MinimumVisualStudioVersion = 10.0.40219.1
Project("{FAE04EC0-301F-11D3-BF4B-00C04F79EFBC}") = "DataJuggler.Core.UltimateHelper", "DataJuggler.Core.UltimateHelper.csproj", "{B570D96E-C163-480D-8C89-192AC7CEF60A}"
EndProject
Global
	GlobalSection(SolutionConfigurationPlatforms) = preSolution
		Debug|Any CPU = Debug|Any CPU
		Release|Any CPU = Release|Any CPU
	EndGlobalSection
	GlobalSection(ProjectConfigurationPlatforms) = postSolution
		{B570D96E-C163-480D-8C89-192AC7CEF60A}.Debug|Any CPU.ActiveCfg = Debug|Any CPU
		{B570D96E-C163-480D-8C89-192AC7CEF60A}.Debug|Any CPU.Build.0 = Debug|Any CPU
		{B570D96E-C163-480D-8C89-192AC7CEF60A}.Release|Any CPU.ActiveCfg = Release|Any CPU
		{B570D96E-C163-480D-8C89-192AC7CEF60A}.Release|Any CPU.Build.0 = Release|Any CPU
	EndGlobalSection
	GlobalSection(SolutionProperties) = preSolution
		HideSolutionNode = FALSE
	EndGlobalSection
	GlobalSection(ExtensibilityGlobals) = postSolution
		SolutionGuid = {5B545A3D-842A-4EBD-9DB1-3E904C5A946D}
	EndGlobalSection
EndGlobal
