
Microsoft Visual Studio Solution File, Format Version 12.00
# Visual Studio Version 17
VisualStudioVersion = 17.1.32210.238
MinimumVisualStudioVersion = 10.0.40219.1
Project("{FAE04EC0-301F-11D3-BF4B-00C04F79EFBC}") = "ConfigUpdater", "ConfigUpdater.csproj", "{A4A21F08-E766-4429-9F85-8CE9FA2FCBFE}"
EndProject
Global
	GlobalSection(SolutionConfigurationPlatforms) = preSolution
		Debug|Any CPU = Debug|Any CPU
		Release|Any CPU = Release|Any CPU
	EndGlobalSection
	GlobalSection(ProjectConfigurationPlatforms) = postSolution
		{A4A21F08-E766-4429-9F85-8CE9FA2FCBFE}.Debug|Any CPU.ActiveCfg = Debug|Any CPU
		{A4A21F08-E766-4429-9F85-8CE9FA2FCBFE}.Debug|Any CPU.Build.0 = Debug|Any CPU
		{A4A21F08-E766-4429-9F85-8CE9FA2FCBFE}.Release|Any CPU.ActiveCfg = Release|Any CPU
		{A4A21F08-E766-4429-9F85-8CE9FA2FCBFE}.Release|Any CPU.Build.0 = Release|Any CPU
	EndGlobalSection
	GlobalSection(SolutionProperties) = preSolution
		HideSolutionNode = FALSE
	EndGlobalSection
	GlobalSection(ExtensibilityGlobals) = postSolution
		SolutionGuid = {09F6A57C-AD7C-413F-9288-4D9353CA10FD}
	EndGlobalSection
EndGlobal
