
Microsoft Visual Studio Solution File, Format Version 12.00
# Visual Studio Version 16
VisualStudioVersion = 16.0.30804.86
MinimumVisualStudioVersion = 10.0.40219.1
Project("{FAE04EC0-301F-11D3-BF4B-00C04F79EFBC}") = "UsingStatementsRemovalTool", "UsingStatementsRemovalTool.csproj", "{7248BBAA-ACB4-41D9-A403-BBE4F3F422D4}"
EndProject
Project("{9A19103F-16F7-4668-BE54-9A1E7A4F7556}") = "DataJuggler.UltimateHelper", "..\..\..\..\UltimateHelper\DataJuggler.UltimateHelper.csproj", "{F8D53B96-C916-4F63-8C1C-73C00B861C00}"
EndProject
Global
	GlobalSection(SolutionConfigurationPlatforms) = preSolution
		Debug|Any CPU = Debug|Any CPU
		Release|Any CPU = Release|Any CPU
	EndGlobalSection
	GlobalSection(ProjectConfigurationPlatforms) = postSolution
		{7248BBAA-ACB4-41D9-A403-BBE4F3F422D4}.Debug|Any CPU.ActiveCfg = Debug|Any CPU
		{7248BBAA-ACB4-41D9-A403-BBE4F3F422D4}.Debug|Any CPU.Build.0 = Debug|Any CPU
		{7248BBAA-ACB4-41D9-A403-BBE4F3F422D4}.Release|Any CPU.ActiveCfg = Release|Any CPU
		{7248BBAA-ACB4-41D9-A403-BBE4F3F422D4}.Release|Any CPU.Build.0 = Release|Any CPU
		{F8D53B96-C916-4F63-8C1C-73C00B861C00}.Debug|Any CPU.ActiveCfg = Debug|Any CPU
		{F8D53B96-C916-4F63-8C1C-73C00B861C00}.Debug|Any CPU.Build.0 = Debug|Any CPU
		{F8D53B96-C916-4F63-8C1C-73C00B861C00}.Release|Any CPU.ActiveCfg = Release|Any CPU
		{F8D53B96-C916-4F63-8C1C-73C00B861C00}.Release|Any CPU.Build.0 = Release|Any CPU
	EndGlobalSection
	GlobalSection(SolutionProperties) = preSolution
		HideSolutionNode = FALSE
	EndGlobalSection
	GlobalSection(ExtensibilityGlobals) = postSolution
		SolutionGuid = {265AB7BD-AD1B-48E5-B3C4-7A6168755E50}
	EndGlobalSection
EndGlobal
